{
  "nodes": {
    "home-manager": {
      "inputs": {
        "nixpkgs": [
          "nixpkgs"
        ]
      },
      "locked": {
        "lastModified": 1713131281,
        "narHash": "sha256-/Jm1X9MPfLXAxZSCdWmQAFNUQggEfNWHol5jSyyzFzw=",
        "owner": "nix-community",
        "repo": "home-manager",
        "rev": "9f32c66a51d05e6d4ec0dea555bbff9135749ec7",
        "type": "github"
      },
      "original": {
        "owner": "nix-community",
        "repo": "home-manager",
        "type": "github"
      }
    },
    "nixpkgs": {
      "locked": {
        "lastModified": 1712963716,
        "narHash": "sha256-WKm9CvgCldeIVvRz87iOMi8CFVB1apJlkUT4GGvA0iM=",
        "owner": "nixos",
        "repo": "nixpkgs",
        "rev": "cfd6b5fc90b15709b780a5a1619695a88505a176",
        "type": "github"
      },
      "original": {
        "owner": "nixos",
        "ref": "nixos-unstable",
        "repo": "nixpkgs",
        "type": "github"
      }
    },
    "nixpkgs-stable": {
      "locked": {
        "lastModified": 1713013257,
        "narHash": "sha256-ZEfGB3YCBVggvk0BQIqVY7J8XF/9jxQ68fCca6nib+8=",
        "owner": "NixOS",
        "repo": "nixpkgs",
        "rev": "90055d5e616bd943795d38808c94dbf0dd35abe8",
        "type": "github"
      },
      "original": {
        "id": "nixpkgs",
        "ref": "nixos-23.11",
        "type": "indirect"
      }
    },
    "nur": {
      "locked": {
        "lastModified": 1713144897,
        "narHash": "sha256-WYqYaIz/DR6Lhns6S2cuP6z6effNsNpuAjKmWnKAH+Y=",
        "owner": "nix-community",
        "repo": "NUR",
        "rev": "ed3c956628b0c09f022259974cbc9f0398f07798",
        "type": "github"
      },
      "original": {
        "owner": "nix-community",
        "repo": "NUR",
        "type": "github"
      }
    },
    "root": {
      "inputs": {
        "home-manager": "home-manager",
        "nixpkgs": "nixpkgs",
        "nixpkgs-stable": "nixpkgs-stable",
        "nur": "nur"
      }
    }
  },
  "root": "root",
  "version": 7
}
